// !$*UTF8*$!
{
	archiveVersion = 1;
	classes = {
	};
	objectVersion = 56;
	objects = {

/* Begin PBXBuildFile section */
		D6D5E0012B9DA49C0011992B /* RickAndMortyAppApp.swift in Sources */ = {isa = PBXBuildFile; fileRef = D6D5E0002B9DA49C0011992B /* RickAndMortyAppApp.swift */; };
		D6D5E0032B9DA49C0011992B /* ContentView.swift in Sources */ = {isa = PBXBuildFile; fileRef = D6D5E0022B9DA49C0011992B /* ContentView.swift */; };
		D6D5E0052B9DA49E0011992B /* Assets.xcassets in Resources */ = {isa = PBXBuildFile; fileRef = D6D5E0042B9DA49E0011992B /* Assets.xcassets */; };
		D6D5E0082B9DA49E0011992B /* Preview Assets.xcassets in Resources */ = {isa = PBXBuildFile; fileRef = D6D5E0072B9DA49E0011992B /* Preview Assets.xcassets */; };
		D6D5E0122B9DA49F0011992B /* RickAndMortyAppTests.swift in Sources */ = {isa = PBXBuildFile; fileRef = D6D5E0112B9DA49F0011992B /* RickAndMortyAppTests.swift */; };
		D6D5E01C2B9DA49F0011992B /* RickAndMortyAppUITests.swift in Sources */ = {isa = PBXBuildFile; fileRef = D6D5E01B2B9DA49F0011992B /* RickAndMortyAppUITests.swift */; };
		D6D5E01E2B9DA49F0011992B /* RickAndMortyAppUITestsLaunchTests.swift in Sources */ = {isa = PBXBuildFile; fileRef = D6D5E01D2B9DA49F0011992B /* RickAndMortyAppUITestsLaunchTests.swift */; };
		D6D5E02D2B9DAB6A0011992B /* AppService.swift in Sources */ = {isa = PBXBuildFile; fileRef = D6D5E02C2B9DAB6A0011992B /* AppService.swift */; };
		D6D5E0302B9DAD190011992B /* AppError.swift in Sources */ = {isa = PBXBuildFile; fileRef = D6D5E02F2B9DAD190011992B /* AppError.swift */; };
		D6D5E0332B9DCE330011992B /* NSCacheStore.swift in Sources */ = {isa = PBXBuildFile; fileRef = D6D5E0322B9DCE330011992B /* NSCacheStore.swift */; };
		D6D5E03A2B9DD7C10011992B /* CharacterListResponse.swift in Sources */ = {isa = PBXBuildFile; fileRef = D6D5E0392B9DD7C10011992B /* CharacterListResponse.swift */; };
		D6D5E03E2B9DD94A0011992B /* CharacterListFake.swift in Sources */ = {isa = PBXBuildFile; fileRef = D6D5E03D2B9DD9490011992B /* CharacterListFake.swift */; };
		D6D5E0432B9DF6B30011992B /* CharacterRepositoryTest.swift in Sources */ = {isa = PBXBuildFile; fileRef = D6D5E0422B9DF6B30011992B /* CharacterRepositoryTest.swift */; };
		D6D5E0452B9DF9450011992B /* CharacterRepository.swift in Sources */ = {isa = PBXBuildFile; fileRef = D6D5E0442B9DF9450011992B /* CharacterRepository.swift */; };
		D6D5E0482B9DFDD70011992B /* RemoteURL.swift in Sources */ = {isa = PBXBuildFile; fileRef = D6D5E0472B9DFDD70011992B /* RemoteURL.swift */; };
		D6D5E04B2B9E001E0011992B /* FakeApiService.swift in Sources */ = {isa = PBXBuildFile; fileRef = D6D5E04A2B9E001E0011992B /* FakeApiService.swift */; };
		D6D5E06A2B9F71930011992B /* CharacterUseCaseTest.swift in Sources */ = {isa = PBXBuildFile; fileRef = D6D5E0692B9F71930011992B /* CharacterUseCaseTest.swift */; };
		D6D5E06D2B9F72830011992B /* CharacterUseCase.swift in Sources */ = {isa = PBXBuildFile; fileRef = D6D5E06C2B9F72830011992B /* CharacterUseCase.swift */; };
		D6D5E0712B9F90190011992B /* CharacterListBusinessModel.swift in Sources */ = {isa = PBXBuildFile; fileRef = D6D5E0702B9F90190011992B /* CharacterListBusinessModel.swift */; };
		D6D5E0752BA074890011992B /* Router.swift in Sources */ = {isa = PBXBuildFile; fileRef = D6D5E0742BA074890011992B /* Router.swift */; };
		D6D5E07A2BA078980011992B /* HomePage.swift in Sources */ = {isa = PBXBuildFile; fileRef = D6D5E0792BA078980011992B /* HomePage.swift */; };
		D6D5E07F2BA081720011992B /* HomePageViewModelTest.swift in Sources */ = {isa = PBXBuildFile; fileRef = D6D5E07E2BA081720011992B /* HomePageViewModelTest.swift */; };
		D6D5E0822BA081E80011992B /* HomePageViewModel.swift in Sources */ = {isa = PBXBuildFile; fileRef = D6D5E0812BA081E80011992B /* HomePageViewModel.swift */; };
/* End PBXBuildFile section */

/* Begin PBXContainerItemProxy section */
		D6D5E00E2B9DA49F0011992B /* PBXContainerItemProxy */ = {
			isa = PBXContainerItemProxy;
			containerPortal = D6D5DFF52B9DA49B0011992B /* Project object */;
			proxyType = 1;
			remoteGlobalIDString = D6D5DFFC2B9DA49C0011992B;
			remoteInfo = RickAndMortyApp;
		};
		D6D5E0182B9DA49F0011992B /* PBXContainerItemProxy */ = {
			isa = PBXContainerItemProxy;
			containerPortal = D6D5DFF52B9DA49B0011992B /* Project object */;
			proxyType = 1;
			remoteGlobalIDString = D6D5DFFC2B9DA49C0011992B;
			remoteInfo = RickAndMortyApp;
		};
/* End PBXContainerItemProxy section */

/* Begin PBXFileReference section */
		D6D5DFFD2B9DA49C0011992B /* RickAndMortyApp.app */ = {isa = PBXFileReference; explicitFileType = wrapper.application; includeInIndex = 0; path = RickAndMortyApp.app; sourceTree = BUILT_PRODUCTS_DIR; };
		D6D5E0002B9DA49C0011992B /* RickAndMortyAppApp.swift */ = {isa = PBXFileReference; lastKnownFileType = sourcecode.swift; path = RickAndMortyAppApp.swift; sourceTree = "<group>"; };
		D6D5E0022B9DA49C0011992B /* ContentView.swift */ = {isa = PBXFileReference; lastKnownFileType = sourcecode.swift; path = ContentView.swift; sourceTree = "<group>"; };
		D6D5E0042B9DA49E0011992B /* Assets.xcassets */ = {isa = PBXFileReference; lastKnownFileType = folder.assetcatalog; path = Assets.xcassets; sourceTree = "<group>"; };
		D6D5E0072B9DA49E0011992B /* Preview Assets.xcassets */ = {isa = PBXFileReference; lastKnownFileType = folder.assetcatalog; path = "Preview Assets.xcassets"; sourceTree = "<group>"; };
		D6D5E00D2B9DA49F0011992B /* RickAndMortyAppTests.xctest */ = {isa = PBXFileReference; explicitFileType = wrapper.cfbundle; includeInIndex = 0; path = RickAndMortyAppTests.xctest; sourceTree = BUILT_PRODUCTS_DIR; };
		D6D5E0112B9DA49F0011992B /* RickAndMortyAppTests.swift */ = {isa = PBXFileReference; lastKnownFileType = sourcecode.swift; path = RickAndMortyAppTests.swift; sourceTree = "<group>"; };
		D6D5E0172B9DA49F0011992B /* RickAndMortyAppUITests.xctest */ = {isa = PBXFileReference; explicitFileType = wrapper.cfbundle; includeInIndex = 0; path = RickAndMortyAppUITests.xctest; sourceTree = BUILT_PRODUCTS_DIR; };
		D6D5E01B2B9DA49F0011992B /* RickAndMortyAppUITests.swift */ = {isa = PBXFileReference; lastKnownFileType = sourcecode.swift; path = RickAndMortyAppUITests.swift; sourceTree = "<group>"; };
		D6D5E01D2B9DA49F0011992B /* RickAndMortyAppUITestsLaunchTests.swift */ = {isa = PBXFileReference; lastKnownFileType = sourcecode.swift; path = RickAndMortyAppUITestsLaunchTests.swift; sourceTree = "<group>"; };
		D6D5E02C2B9DAB6A0011992B /* AppService.swift */ = {isa = PBXFileReference; lastKnownFileType = sourcecode.swift; path = AppService.swift; sourceTree = "<group>"; };
		D6D5E02F2B9DAD190011992B /* AppError.swift */ = {isa = PBXFileReference; lastKnownFileType = sourcecode.swift; path = AppError.swift; sourceTree = "<group>"; };
		D6D5E0322B9DCE330011992B /* NSCacheStore.swift */ = {isa = PBXFileReference; lastKnownFileType = sourcecode.swift; path = NSCacheStore.swift; sourceTree = "<group>"; };
		D6D5E0392B9DD7C10011992B /* CharacterListResponse.swift */ = {isa = PBXFileReference; lastKnownFileType = sourcecode.swift; path = CharacterListResponse.swift; sourceTree = "<group>"; };
		D6D5E03D2B9DD9490011992B /* CharacterListFake.swift */ = {isa = PBXFileReference; lastKnownFileType = sourcecode.swift; path = CharacterListFake.swift; sourceTree = "<group>"; };
		D6D5E0422B9DF6B30011992B /* CharacterRepositoryTest.swift */ = {isa = PBXFileReference; lastKnownFileType = sourcecode.swift; path = CharacterRepositoryTest.swift; sourceTree = "<group>"; };
		D6D5E0442B9DF9450011992B /* CharacterRepository.swift */ = {isa = PBXFileReference; lastKnownFileType = sourcecode.swift; path = CharacterRepository.swift; sourceTree = "<group>"; };
		D6D5E0472B9DFDD70011992B /* RemoteURL.swift */ = {isa = PBXFileReference; lastKnownFileType = sourcecode.swift; path = RemoteURL.swift; sourceTree = "<group>"; };
		D6D5E04A2B9E001E0011992B /* FakeApiService.swift */ = {isa = PBXFileReference; lastKnownFileType = sourcecode.swift; path = FakeApiService.swift; sourceTree = "<group>"; };
		D6D5E0692B9F71930011992B /* CharacterUseCaseTest.swift */ = {isa = PBXFileReference; lastKnownFileType = sourcecode.swift; path = CharacterUseCaseTest.swift; sourceTree = "<group>"; };
		D6D5E06C2B9F72830011992B /* CharacterUseCase.swift */ = {isa = PBXFileReference; lastKnownFileType = sourcecode.swift; path = CharacterUseCase.swift; sourceTree = "<group>"; };
		D6D5E0702B9F90190011992B /* CharacterListBusinessModel.swift */ = {isa = PBXFileReference; lastKnownFileType = sourcecode.swift; path = CharacterListBusinessModel.swift; sourceTree = "<group>"; };
		D6D5E0742BA074890011992B /* Router.swift */ = {isa = PBXFileReference; lastKnownFileType = sourcecode.swift; path = Router.swift; sourceTree = "<group>"; };
		D6D5E0792BA078980011992B /* HomePage.swift */ = {isa = PBXFileReference; lastKnownFileType = sourcecode.swift; path = HomePage.swift; sourceTree = "<group>"; };
		D6D5E07E2BA081720011992B /* HomePageViewModelTest.swift */ = {isa = PBXFileReference; lastKnownFileType = sourcecode.swift; path = HomePageViewModelTest.swift; sourceTree = "<group>"; };
		D6D5E0812BA081E80011992B /* HomePageViewModel.swift */ = {isa = PBXFileReference; lastKnownFileType = sourcecode.swift; path = HomePageViewModel.swift; sourceTree = "<group>"; };
/* End PBXFileReference section */

/* Begin PBXFrameworksBuildPhase section */
		D6D5DFFA2B9DA49C0011992B /* Frameworks */ = {
			isa = PBXFrameworksBuildPhase;
			buildActionMask = 2147483647;
			files = (
			);
			runOnlyForDeploymentPostprocessing = 0;
		};
		D6D5E00A2B9DA49F0011992B /* Frameworks */ = {
			isa = PBXFrameworksBuildPhase;
			buildActionMask = 2147483647;
			files = (
			);
			runOnlyForDeploymentPostprocessing = 0;
		};
		D6D5E0142B9DA49F0011992B /* Frameworks */ = {
			isa = PBXFrameworksBuildPhase;
			buildActionMask = 2147483647;
			files = (
			);
			runOnlyForDeploymentPostprocessing = 0;
		};
/* End PBXFrameworksBuildPhase section */

/* Begin PBXGroup section */
		D6D5DFF42B9DA49B0011992B = {
			isa = PBXGroup;
			children = (
				D6D5DFFF2B9DA49C0011992B /* RickAndMortyApp */,
				D6D5E0102B9DA49F0011992B /* RickAndMortyAppTests */,
				D6D5E01A2B9DA49F0011992B /* RickAndMortyAppUITests */,
				D6D5DFFE2B9DA49C0011992B /* Products */,
			);
			sourceTree = "<group>";
		};
		D6D5DFFE2B9DA49C0011992B /* Products */ = {
			isa = PBXGroup;
			children = (
				D6D5DFFD2B9DA49C0011992B /* RickAndMortyApp.app */,
				D6D5E00D2B9DA49F0011992B /* RickAndMortyAppTests.xctest */,
				D6D5E0172B9DA49F0011992B /* RickAndMortyAppUITests.xctest */,
			);
			name = Products;
			sourceTree = "<group>";
		};
		D6D5DFFF2B9DA49C0011992B /* RickAndMortyApp */ = {
			isa = PBXGroup;
			children = (
				D6D5E02A2B9DAB2B0011992B /* App */,
				D6D5E02B2B9DAB470011992B /* Base */,
				D6D5E0342B9DD7490011992B /* Features */,
				D6D5E0042B9DA49E0011992B /* Assets.xcassets */,
				D6D5E0062B9DA49E0011992B /* Preview Content */,
			);
			path = RickAndMortyApp;
			sourceTree = "<group>";
		};
		D6D5E0062B9DA49E0011992B /* Preview Content */ = {
			isa = PBXGroup;
			children = (
				D6D5E0072B9DA49E0011992B /* Preview Assets.xcassets */,
			);
			path = "Preview Content";
			sourceTree = "<group>";
		};
		D6D5E0102B9DA49F0011992B /* RickAndMortyAppTests */ = {
			isa = PBXGroup;
			children = (
				D6D5E03F2B9DF6590011992B /* Features */,
				D6D5E03B2B9DD9050011992B /* Fakes */,
				D6D5E0112B9DA49F0011992B /* RickAndMortyAppTests.swift */,
			);
			path = RickAndMortyAppTests;
			sourceTree = "<group>";
		};
		D6D5E01A2B9DA49F0011992B /* RickAndMortyAppUITests */ = {
			isa = PBXGroup;
			children = (
				D6D5E01B2B9DA49F0011992B /* RickAndMortyAppUITests.swift */,
				D6D5E01D2B9DA49F0011992B /* RickAndMortyAppUITestsLaunchTests.swift */,
			);
			path = RickAndMortyAppUITests;
			sourceTree = "<group>";
		};
		D6D5E02A2B9DAB2B0011992B /* App */ = {
			isa = PBXGroup;
			children = (
				D6D5E0002B9DA49C0011992B /* RickAndMortyAppApp.swift */,
				D6D5E0022B9DA49C0011992B /* ContentView.swift */,
			);
			path = App;
			sourceTree = "<group>";
		};
		D6D5E02B2B9DAB470011992B /* Base */ = {
			isa = PBXGroup;
			children = (
				D6D5E0462B9DFDC20011992B /* RemoteURL */,
				D6D5E0312B9DCE050011992B /* NSCache */,
				D6D5E02E2B9DAD020011992B /* AppError */,
				D6D5E02C2B9DAB6A0011992B /* AppService.swift */,
			);
			path = Base;
			sourceTree = "<group>";
		};
		D6D5E02E2B9DAD020011992B /* AppError */ = {
			isa = PBXGroup;
			children = (
				D6D5E02F2B9DAD190011992B /* AppError.swift */,
			);
			path = AppError;
			sourceTree = "<group>";
		};
		D6D5E0312B9DCE050011992B /* NSCache */ = {
			isa = PBXGroup;
			children = (
				D6D5E0322B9DCE330011992B /* NSCacheStore.swift */,
			);
			path = NSCache;
			sourceTree = "<group>";
		};
		D6D5E0342B9DD7490011992B /* Features */ = {
			isa = PBXGroup;
			children = (
				D6D5E0352B9DD7640011992B /* Data */,
				D6D5E0672B9F716E0011992B /* Domain */,
				D6D5E0722B9F98C80011992B /* Presentation */,
			);
			path = Features;
			sourceTree = "<group>";
		};
		D6D5E0352B9DD7640011992B /* Data */ = {
			isa = PBXGroup;
			children = (
				D6D5E0362B9DD76F0011992B /* Repositories */,
			);
			path = Data;
			sourceTree = "<group>";
		};
		D6D5E0362B9DD76F0011992B /* Repositories */ = {
			isa = PBXGroup;
			children = (
				D6D5E0372B9DD7860011992B /* CharacterRepository */,
			);
			path = Repositories;
			sourceTree = "<group>";
		};
		D6D5E0372B9DD7860011992B /* CharacterRepository */ = {
			isa = PBXGroup;
			children = (
				D6D5E0382B9DD7A30011992B /* Response */,
				D6D5E0442B9DF9450011992B /* CharacterRepository.swift */,
			);
			path = CharacterRepository;
			sourceTree = "<group>";
		};
		D6D5E0382B9DD7A30011992B /* Response */ = {
			isa = PBXGroup;
			children = (
				D6D5E0392B9DD7C10011992B /* CharacterListResponse.swift */,
			);
			path = Response;
			sourceTree = "<group>";
		};
		D6D5E03B2B9DD9050011992B /* Fakes */ = {
			isa = PBXGroup;
			children = (
				D6D5E0492B9E00060011992B /* ApiService */,
				D6D5E03C2B9DD9240011992B /* RawData */,
			);
			path = Fakes;
			sourceTree = "<group>";
		};
		D6D5E03C2B9DD9240011992B /* RawData */ = {
			isa = PBXGroup;
			children = (
				D6D5E03D2B9DD9490011992B /* CharacterListFake.swift */,
			);
			path = RawData;
			sourceTree = "<group>";
		};
		D6D5E03F2B9DF6590011992B /* Features */ = {
			isa = PBXGroup;
			children = (
				D6D5E07B2BA081200011992B /* Presentation */,
				D6D5E0682B9F717B0011992B /* Domain */,
				D6D5E0402B9DF6630011992B /* Data */,
			);
			path = Features;
			sourceTree = "<group>";
		};
		D6D5E0402B9DF6630011992B /* Data */ = {
			isa = PBXGroup;
			children = (
				D6D5E0412B9DF66B0011992B /* CharacterRepository */,
			);
			path = Data;
			sourceTree = "<group>";
		};
		D6D5E0412B9DF66B0011992B /* CharacterRepository */ = {
			isa = PBXGroup;
			children = (
				D6D5E0422B9DF6B30011992B /* CharacterRepositoryTest.swift */,
			);
			path = CharacterRepository;
			sourceTree = "<group>";
		};
		D6D5E0462B9DFDC20011992B /* RemoteURL */ = {
			isa = PBXGroup;
			children = (
				D6D5E0472B9DFDD70011992B /* RemoteURL.swift */,
			);
			path = RemoteURL;
			sourceTree = "<group>";
		};
		D6D5E0492B9E00060011992B /* ApiService */ = {
			isa = PBXGroup;
			children = (
				D6D5E04A2B9E001E0011992B /* FakeApiService.swift */,
			);
			path = ApiService;
			sourceTree = "<group>";
		};
		D6D5E0672B9F716E0011992B /* Domain */ = {
			isa = PBXGroup;
			children = (
				D6D5E06B2B9F726D0011992B /* CharacterUseCase */,
			);
			path = Domain;
			sourceTree = "<group>";
		};
		D6D5E0682B9F717B0011992B /* Domain */ = {
			isa = PBXGroup;
			children = (
				D6D5E0692B9F71930011992B /* CharacterUseCaseTest.swift */,
			);
			path = Domain;
			sourceTree = "<group>";
		};
		D6D5E06B2B9F726D0011992B /* CharacterUseCase */ = {
			isa = PBXGroup;
			children = (
				D6D5E06F2B9F8FF00011992B /* BusinessModel */,
				D6D5E06C2B9F72830011992B /* CharacterUseCase.swift */,
			);
			path = CharacterUseCase;
			sourceTree = "<group>";
		};
		D6D5E06F2B9F8FF00011992B /* BusinessModel */ = {
			isa = PBXGroup;
			children = (
				D6D5E0702B9F90190011992B /* CharacterListBusinessModel.swift */,
			);
			path = BusinessModel;
			sourceTree = "<group>";
		};
		D6D5E0722B9F98C80011992B /* Presentation */ = {
			isa = PBXGroup;
			children = (
				D6D5E0762BA078680011992B /* Home */,
				D6D5E0732B9F996B0011992B /* Router */,
			);
			path = Presentation;
			sourceTree = "<group>";
		};
		D6D5E0732B9F996B0011992B /* Router */ = {
			isa = PBXGroup;
			children = (
				D6D5E0742BA074890011992B /* Router.swift */,
			);
			path = Router;
			sourceTree = "<group>";
		};
		D6D5E0762BA078680011992B /* Home */ = {
			isa = PBXGroup;
			children = (
				D6D5E0802BA081D30011992B /* ViewModel */,
				D6D5E0772BA0786E0011992B /* View */,
			);
			path = Home;
			sourceTree = "<group>";
		};
		D6D5E0772BA0786E0011992B /* View */ = {
			isa = PBXGroup;
			children = (
				D6D5E0792BA078980011992B /* HomePage.swift */,
			);
			path = View;
			sourceTree = "<group>";
		};
		D6D5E07B2BA081200011992B /* Presentation */ = {
			isa = PBXGroup;
			children = (
				D6D5E07C2BA0812D0011992B /* HomePage */,
			);
			path = Presentation;
			sourceTree = "<group>";
		};
		D6D5E07C2BA0812D0011992B /* HomePage */ = {
			isa = PBXGroup;
			children = (
				D6D5E07D2BA081360011992B /* ViewModel */,
			);
			path = HomePage;
			sourceTree = "<group>";
		};
		D6D5E07D2BA081360011992B /* ViewModel */ = {
			isa = PBXGroup;
			children = (
				D6D5E07E2BA081720011992B /* HomePageViewModelTest.swift */,
			);
			path = ViewModel;
			sourceTree = "<group>";
		};
		D6D5E0802BA081D30011992B /* ViewModel */ = {
			isa = PBXGroup;
			children = (
				D6D5E0812BA081E80011992B /* HomePageViewModel.swift */,
			);
			path = ViewModel;
			sourceTree = "<group>";
		};
/* End PBXGroup section */

/* Begin PBXNativeTarget section */
		D6D5DFFC2B9DA49C0011992B /* RickAndMortyApp */ = {
			isa = PBXNativeTarget;
			buildConfigurationList = D6D5E0212B9DA49F0011992B /* Build configuration list for PBXNativeTarget "RickAndMortyApp" */;
			buildPhases = (
				D6D5DFF92B9DA49C0011992B /* Sources */,
				D6D5DFFA2B9DA49C0011992B /* Frameworks */,
				D6D5DFFB2B9DA49C0011992B /* Resources */,
			);
			buildRules = (
			);
			dependencies = (
			);
			name = RickAndMortyApp;
			productName = RickAndMortyApp;
			productReference = D6D5DFFD2B9DA49C0011992B /* RickAndMortyApp.app */;
			productType = "com.apple.product-type.application";
		};
		D6D5E00C2B9DA49F0011992B /* RickAndMortyAppTests */ = {
			isa = PBXNativeTarget;
			buildConfigurationList = D6D5E0242B9DA49F0011992B /* Build configuration list for PBXNativeTarget "RickAndMortyAppTests" */;
			buildPhases = (
				D6D5E0092B9DA49F0011992B /* Sources */,
				D6D5E00A2B9DA49F0011992B /* Frameworks */,
				D6D5E00B2B9DA49F0011992B /* Resources */,
			);
			buildRules = (
			);
			dependencies = (
				D6D5E00F2B9DA49F0011992B /* PBXTargetDependency */,
			);
			name = RickAndMortyAppTests;
			productName = RickAndMortyAppTests;
			productReference = D6D5E00D2B9DA49F0011992B /* RickAndMortyAppTests.xctest */;
			productType = "com.apple.product-type.bundle.unit-test";
		};
		D6D5E0162B9DA49F0011992B /* RickAndMortyAppUITests */ = {
			isa = PBXNativeTarget;
			buildConfigurationList = D6D5E0272B9DA49F0011992B /* Build configuration list for PBXNativeTarget "RickAndMortyAppUITests" */;
			buildPhases = (
				D6D5E0132B9DA49F0011992B /* Sources */,
				D6D5E0142B9DA49F0011992B /* Frameworks */,
				D6D5E0152B9DA49F0011992B /* Resources */,
			);
			buildRules = (
			);
			dependencies = (
				D6D5E0192B9DA49F0011992B /* PBXTargetDependency */,
			);
			name = RickAndMortyAppUITests;
			productName = RickAndMortyAppUITests;
			productReference = D6D5E0172B9DA49F0011992B /* RickAndMortyAppUITests.xctest */;
			productType = "com.apple.product-type.bundle.ui-testing";
		};
/* End PBXNativeTarget section */

/* Begin PBXProject section */
		D6D5DFF52B9DA49B0011992B /* Project object */ = {
			isa = PBXProject;
			attributes = {
				BuildIndependentTargetsInParallel = 1;
				LastSwiftUpdateCheck = 1500;
				LastUpgradeCheck = 1500;
				TargetAttributes = {
					D6D5DFFC2B9DA49C0011992B = {
						CreatedOnToolsVersion = 15.0.1;
					};
					D6D5E00C2B9DA49F0011992B = {
						CreatedOnToolsVersion = 15.0.1;
						TestTargetID = D6D5DFFC2B9DA49C0011992B;
					};
					D6D5E0162B9DA49F0011992B = {
						CreatedOnToolsVersion = 15.0.1;
						TestTargetID = D6D5DFFC2B9DA49C0011992B;
					};
				};
			};
			buildConfigurationList = D6D5DFF82B9DA49B0011992B /* Build configuration list for PBXProject "RickAndMortyApp" */;
			compatibilityVersion = "Xcode 14.0";
			developmentRegion = en;
			hasScannedForEncodings = 0;
			knownRegions = (
				en,
				Base,
			);
			mainGroup = D6D5DFF42B9DA49B0011992B;
			productRefGroup = D6D5DFFE2B9DA49C0011992B /* Products */;
			projectDirPath = "";
			projectRoot = "";
			targets = (
				D6D5DFFC2B9DA49C0011992B /* RickAndMortyApp */,
				D6D5E00C2B9DA49F0011992B /* RickAndMortyAppTests */,
				D6D5E0162B9DA49F0011992B /* RickAndMortyAppUITests */,
			);
		};
/* End PBXProject section */

/* Begin PBXResourcesBuildPhase section */
		D6D5DFFB2B9DA49C0011992B /* Resources */ = {
			isa = PBXResourcesBuildPhase;
			buildActionMask = 2147483647;
			files = (
				D6D5E0082B9DA49E0011992B /* Preview Assets.xcassets in Resources */,
				D6D5E0052B9DA49E0011992B /* Assets.xcassets in Resources */,
			);
			runOnlyForDeploymentPostprocessing = 0;
		};
		D6D5E00B2B9DA49F0011992B /* Resources */ = {
			isa = PBXResourcesBuildPhase;
			buildActionMask = 2147483647;
			files = (
			);
			runOnlyForDeploymentPostprocessing = 0;
		};
		D6D5E0152B9DA49F0011992B /* Resources */ = {
			isa = PBXResourcesBuildPhase;
			buildActionMask = 2147483647;
			files = (
			);
			runOnlyForDeploymentPostprocessing = 0;
		};
/* End PBXResourcesBuildPhase section */

/* Begin PBXSourcesBuildPhase section */
		D6D5DFF92B9DA49C0011992B /* Sources */ = {
			isa = PBXSourcesBuildPhase;
			buildActionMask = 2147483647;
			files = (
				D6D5E0752BA074890011992B /* Router.swift in Sources */,
				D6D5E06D2B9F72830011992B /* CharacterUseCase.swift in Sources */,
				D6D5E0302B9DAD190011992B /* AppError.swift in Sources */,
				D6D5E0712B9F90190011992B /* CharacterListBusinessModel.swift in Sources */,
				D6D5E0482B9DFDD70011992B /* RemoteURL.swift in Sources */,
				D6D5E0332B9DCE330011992B /* NSCacheStore.swift in Sources */,
				D6D5E03A2B9DD7C10011992B /* CharacterListResponse.swift in Sources */,
				D6D5E07A2BA078980011992B /* HomePage.swift in Sources */,
				D6D5E0822BA081E80011992B /* HomePageViewModel.swift in Sources */,
				D6D5E0032B9DA49C0011992B /* ContentView.swift in Sources */,
				D6D5E0452B9DF9450011992B /* CharacterRepository.swift in Sources */,
				D6D5E02D2B9DAB6A0011992B /* AppService.swift in Sources */,
				D6D5E0012B9DA49C0011992B /* RickAndMortyAppApp.swift in Sources */,
			);
			runOnlyForDeploymentPostprocessing = 0;
		};
		D6D5E0092B9DA49F0011992B /* Sources */ = {
			isa = PBXSourcesBuildPhase;
			buildActionMask = 2147483647;
			files = (
				D6D5E03E2B9DD94A0011992B /* CharacterListFake.swift in Sources */,
				D6D5E06A2B9F71930011992B /* CharacterUseCaseTest.swift in Sources */,
				D6D5E04B2B9E001E0011992B /* FakeApiService.swift in Sources */,
				D6D5E0122B9DA49F0011992B /* RickAndMortyAppTests.swift in Sources */,
				D6D5E07F2BA081720011992B /* HomePageViewModelTest.swift in Sources */,
				D6D5E0432B9DF6B30011992B /* CharacterRepositoryTest.swift in Sources */,
			);
			runOnlyForDeploymentPostprocessing = 0;
		};
		D6D5E0132B9DA49F0011992B /* Sources */ = {
			isa = PBXSourcesBuildPhase;
			buildActionMask = 2147483647;
			files = (
				D6D5E01C2B9DA49F0011992B /* RickAndMortyAppUITests.swift in Sources */,
				D6D5E01E2B9DA49F0011992B /* RickAndMortyAppUITestsLaunchTests.swift in Sources */,
			);
			runOnlyForDeploymentPostprocessing = 0;
		};
/* End PBXSourcesBuildPhase section */

/* Begin PBXTargetDependency section */
		D6D5E00F2B9DA49F0011992B /* PBXTargetDependency */ = {
			isa = PBXTargetDependency;
			target = D6D5DFFC2B9DA49C0011992B /* RickAndMortyApp */;
			targetProxy = D6D5E00E2B9DA49F0011992B /* PBXContainerItemProxy */;
		};
		D6D5E0192B9DA49F0011992B /* PBXTargetDependency */ = {
			isa = PBXTargetDependency;
			target = D6D5DFFC2B9DA49C0011992B /* RickAndMortyApp */;
			targetProxy = D6D5E0182B9DA49F0011992B /* PBXContainerItemProxy */;
		};
/* End PBXTargetDependency section */

/* Begin XCBuildConfiguration section */
		D6D5E01F2B9DA49F0011992B /* Debug */ = {
			isa = XCBuildConfiguration;
			buildSettings = {
				ALWAYS_SEARCH_USER_PATHS = NO;
				ASSETCATALOG_COMPILER_GENERATE_SWIFT_ASSET_SYMBOL_EXTENSIONS = YES;
				CLANG_ANALYZER_NONNULL = YES;
				CLANG_ANALYZER_NUMBER_OBJECT_CONVERSION = YES_AGGRESSIVE;
				CLANG_CXX_LANGUAGE_STANDARD = "gnu++20";
				CLANG_ENABLE_MODULES = YES;
				CLANG_ENABLE_OBJC_ARC = YES;
				CLANG_ENABLE_OBJC_WEAK = YES;
				CLANG_WARN_BLOCK_CAPTURE_AUTORELEASING = YES;
				CLANG_WARN_BOOL_CONVERSION = YES;
				CLANG_WARN_COMMA = YES;
				CLANG_WARN_CONSTANT_CONVERSION = YES;
				CLANG_WARN_DEPRECATED_OBJC_IMPLEMENTATIONS = YES;
				CLANG_WARN_DIRECT_OBJC_ISA_USAGE = YES_ERROR;
				CLANG_WARN_DOCUMENTATION_COMMENTS = YES;
				CLANG_WARN_EMPTY_BODY = YES;
				CLANG_WARN_ENUM_CONVERSION = YES;
				CLANG_WARN_INFINITE_RECURSION = YES;
				CLANG_WARN_INT_CONVERSION = YES;
				CLANG_WARN_NON_LITERAL_NULL_CONVERSION = YES;
				CLANG_WARN_OBJC_IMPLICIT_RETAIN_SELF = YES;
				CLANG_WARN_OBJC_LITERAL_CONVERSION = YES;
				CLANG_WARN_OBJC_ROOT_CLASS = YES_ERROR;
				CLANG_WARN_QUOTED_INCLUDE_IN_FRAMEWORK_HEADER = YES;
				CLANG_WARN_RANGE_LOOP_ANALYSIS = YES;
				CLANG_WARN_STRICT_PROTOTYPES = YES;
				CLANG_WARN_SUSPICIOUS_MOVE = YES;
				CLANG_WARN_UNGUARDED_AVAILABILITY = YES_AGGRESSIVE;
				CLANG_WARN_UNREACHABLE_CODE = YES;
				CLANG_WARN__DUPLICATE_METHOD_MATCH = YES;
				COPY_PHASE_STRIP = NO;
				DEBUG_INFORMATION_FORMAT = dwarf;
				ENABLE_STRICT_OBJC_MSGSEND = YES;
				ENABLE_TESTABILITY = YES;
				ENABLE_USER_SCRIPT_SANDBOXING = YES;
				GCC_C_LANGUAGE_STANDARD = gnu17;
				GCC_DYNAMIC_NO_PIC = NO;
				GCC_NO_COMMON_BLOCKS = YES;
				GCC_OPTIMIZATION_LEVEL = 0;
				GCC_PREPROCESSOR_DEFINITIONS = (
					"DEBUG=1",
					"$(inherited)",
				);
				GCC_WARN_64_TO_32_BIT_CONVERSION = YES;
				GCC_WARN_ABOUT_RETURN_TYPE = YES_ERROR;
				GCC_WARN_UNDECLARED_SELECTOR = YES;
				GCC_WARN_UNINITIALIZED_AUTOS = YES_AGGRESSIVE;
				GCC_WARN_UNUSED_FUNCTION = YES;
				GCC_WARN_UNUSED_VARIABLE = YES;
				IPHONEOS_DEPLOYMENT_TARGET = 17.0;
				LOCALIZATION_PREFERS_STRING_CATALOGS = YES;
				MTL_ENABLE_DEBUG_INFO = INCLUDE_SOURCE;
				MTL_FAST_MATH = YES;
				ONLY_ACTIVE_ARCH = YES;
				SDKROOT = iphoneos;
				SWIFT_ACTIVE_COMPILATION_CONDITIONS = "DEBUG $(inherited)";
				SWIFT_OPTIMIZATION_LEVEL = "-Onone";
			};
			name = Debug;
		};
		D6D5E0202B9DA49F0011992B /* Release */ = {
			isa = XCBuildConfiguration;
			buildSettings = {
				ALWAYS_SEARCH_USER_PATHS = NO;
				ASSETCATALOG_COMPILER_GENERATE_SWIFT_ASSET_SYMBOL_EXTENSIONS = YES;
				CLANG_ANALYZER_NONNULL = YES;
				CLANG_ANALYZER_NUMBER_OBJECT_CONVERSION = YES_AGGRESSIVE;
				CLANG_CXX_LANGUAGE_STANDARD = "gnu++20";
				CLANG_ENABLE_MODULES = YES;
				CLANG_ENABLE_OBJC_ARC = YES;
				CLANG_ENABLE_OBJC_WEAK = YES;
				CLANG_WARN_BLOCK_CAPTURE_AUTORELEASING = YES;
				CLANG_WARN_BOOL_CONVERSION = YES;
				CLANG_WARN_COMMA = YES;
				CLANG_WARN_CONSTANT_CONVERSION = YES;
				CLANG_WARN_DEPRECATED_OBJC_IMPLEMENTATIONS = YES;
				CLANG_WARN_DIRECT_OBJC_ISA_USAGE = YES_ERROR;
				CLANG_WARN_DOCUMENTATION_COMMENTS = YES;
				CLANG_WARN_EMPTY_BODY = YES;
				CLANG_WARN_ENUM_CONVERSION = YES;
				CLANG_WARN_INFINITE_RECURSION = YES;
				CLANG_WARN_INT_CONVERSION = YES;
				CLANG_WARN_NON_LITERAL_NULL_CONVERSION = YES;
				CLANG_WARN_OBJC_IMPLICIT_RETAIN_SELF = YES;
				CLANG_WARN_OBJC_LITERAL_CONVERSION = YES;
				CLANG_WARN_OBJC_ROOT_CLASS = YES_ERROR;
				CLANG_WARN_QUOTED_INCLUDE_IN_FRAMEWORK_HEADER = YES;
				CLANG_WARN_RANGE_LOOP_ANALYSIS = YES;
				CLANG_WARN_STRICT_PROTOTYPES = YES;
				CLANG_WARN_SUSPICIOUS_MOVE = YES;
				CLANG_WARN_UNGUARDED_AVAILABILITY = YES_AGGRESSIVE;
				CLANG_WARN_UNREACHABLE_CODE = YES;
				CLANG_WARN__DUPLICATE_METHOD_MATCH = YES;
				COPY_PHASE_STRIP = NO;
				DEBUG_INFORMATION_FORMAT = "dwarf-with-dsym";
				ENABLE_NS_ASSERTIONS = NO;
				ENABLE_STRICT_OBJC_MSGSEND = YES;
				ENABLE_USER_SCRIPT_SANDBOXING = YES;
				GCC_C_LANGUAGE_STANDARD = gnu17;
				GCC_NO_COMMON_BLOCKS = YES;
				GCC_WARN_64_TO_32_BIT_CONVERSION = YES;
				GCC_WARN_ABOUT_RETURN_TYPE = YES_ERROR;
				GCC_WARN_UNDECLARED_SELECTOR = YES;
				GCC_WARN_UNINITIALIZED_AUTOS = YES_AGGRESSIVE;
				GCC_WARN_UNUSED_FUNCTION = YES;
				GCC_WARN_UNUSED_VARIABLE = YES;
				IPHONEOS_DEPLOYMENT_TARGET = 17.0;
				LOCALIZATION_PREFERS_STRING_CATALOGS = YES;
				MTL_ENABLE_DEBUG_INFO = NO;
				MTL_FAST_MATH = YES;
				SDKROOT = iphoneos;
				SWIFT_COMPILATION_MODE = wholemodule;
				VALIDATE_PRODUCT = YES;
			};
			name = Release;
		};
		D6D5E0222B9DA49F0011992B /* Debug */ = {
			isa = XCBuildConfiguration;
			buildSettings = {
				ASSETCATALOG_COMPILER_APPICON_NAME = AppIcon;
				ASSETCATALOG_COMPILER_GLOBAL_ACCENT_COLOR_NAME = AccentColor;
				CODE_SIGN_STYLE = Automatic;
				CURRENT_PROJECT_VERSION = 1;
				DEVELOPMENT_ASSET_PATHS = "\"RickAndMortyApp/Preview Content\"";
				DEVELOPMENT_TEAM = 2HPB7376SQ;
				ENABLE_PREVIEWS = YES;
				GENERATE_INFOPLIST_FILE = YES;
				INFOPLIST_KEY_UIApplicationSceneManifest_Generation = YES;
				INFOPLIST_KEY_UIApplicationSupportsIndirectInputEvents = YES;
				INFOPLIST_KEY_UILaunchScreen_Generation = YES;
				INFOPLIST_KEY_UISupportedInterfaceOrientations_iPad = "UIInterfaceOrientationPortrait UIInterfaceOrientationPortraitUpsideDown UIInterfaceOrientationLandscapeLeft UIInterfaceOrientationLandscapeRight";
				INFOPLIST_KEY_UISupportedInterfaceOrientations_iPhone = "UIInterfaceOrientationPortrait UIInterfaceOrientationLandscapeLeft UIInterfaceOrientationLandscapeRight";
				LD_RUNPATH_SEARCH_PATHS = (
					"$(inherited)",
					"@executable_path/Frameworks",
				);
				MARKETING_VERSION = 1.0;
				PRODUCT_BUNDLE_IDENTIFIER = GoncalvesHigino.RickAndMortyApp;
				PRODUCT_NAME = "$(TARGET_NAME)";
				SWIFT_EMIT_LOC_STRINGS = YES;
				SWIFT_VERSION = 5.0;
				TARGETED_DEVICE_FAMILY = "1,2";
			};
			name = Debug;
		};
		D6D5E0232B9DA49F0011992B /* Release */ = {
			isa = XCBuildConfiguration;
			buildSettings = {
				ASSETCATALOG_COMPILER_APPICON_NAME = AppIcon;
				ASSETCATALOG_COMPILER_GLOBAL_ACCENT_COLOR_NAME = AccentColor;
				CODE_SIGN_STYLE = Automatic;
				CURRENT_PROJECT_VERSION = 1;
				DEVELOPMENT_ASSET_PATHS = "\"RickAndMortyApp/Preview Content\"";
				DEVELOPMENT_TEAM = 2HPB7376SQ;
				ENABLE_PREVIEWS = YES;
				GENERATE_INFOPLIST_FILE = YES;
				INFOPLIST_KEY_UIApplicationSceneManifest_Generation = YES;
				INFOPLIST_KEY_UIApplicationSupportsIndirectInputEvents = YES;
				INFOPLIST_KEY_UILaunchScreen_Generation = YES;
				INFOPLIST_KEY_UISupportedInterfaceOrientations_iPad = "UIInterfaceOrientationPortrait UIInterfaceOrientationPortraitUpsideDown UIInterfaceOrientationLandscapeLeft UIInterfaceOrientationLandscapeRight";
				INFOPLIST_KEY_UISupportedInterfaceOrientations_iPhone = "UIInterfaceOrientationPortrait UIInterfaceOrientationLandscapeLeft UIInterfaceOrientationLandscapeRight";
				LD_RUNPATH_SEARCH_PATHS = (
					"$(inherited)",
					"@executable_path/Frameworks",
				);
				MARKETING_VERSION = 1.0;
				PRODUCT_BUNDLE_IDENTIFIER = GoncalvesHigino.RickAndMortyApp;
				PRODUCT_NAME = "$(TARGET_NAME)";
				SWIFT_EMIT_LOC_STRINGS = YES;
				SWIFT_VERSION = 5.0;
				TARGETED_DEVICE_FAMILY = "1,2";
			};
			name = Release;
		};
		D6D5E0252B9DA49F0011992B /* Debug */ = {
			isa = XCBuildConfiguration;
			buildSettings = {
				ALWAYS_EMBED_SWIFT_STANDARD_LIBRARIES = YES;
				BUNDLE_LOADER = "$(TEST_HOST)";
				CODE_SIGN_STYLE = Automatic;
				CURRENT_PROJECT_VERSION = 1;
				DEVELOPMENT_TEAM = 2HPB7376SQ;
				GENERATE_INFOPLIST_FILE = YES;
				IPHONEOS_DEPLOYMENT_TARGET = 17.0;
				MARKETING_VERSION = 1.0;
				PRODUCT_BUNDLE_IDENTIFIER = GoncalvesHigino.RickAndMortyAppTests;
				PRODUCT_NAME = "$(TARGET_NAME)";
				SWIFT_EMIT_LOC_STRINGS = NO;
				SWIFT_VERSION = 5.0;
				TARGETED_DEVICE_FAMILY = "1,2";
				TEST_HOST = "$(BUILT_PRODUCTS_DIR)/RickAndMortyApp.app/$(BUNDLE_EXECUTABLE_FOLDER_PATH)/RickAndMortyApp";
			};
			name = Debug;
		};
		D6D5E0262B9DA49F0011992B /* Release */ = {
			isa = XCBuildConfiguration;
			buildSettings = {
				ALWAYS_EMBED_SWIFT_STANDARD_LIBRARIES = YES;
				BUNDLE_LOADER = "$(TEST_HOST)";
				CODE_SIGN_STYLE = Automatic;
				CURRENT_PROJECT_VERSION = 1;
				DEVELOPMENT_TEAM = 2HPB7376SQ;
				GENERATE_INFOPLIST_FILE = YES;
				IPHONEOS_DEPLOYMENT_TARGET = 17.0;
				MARKETING_VERSION = 1.0;
				PRODUCT_BUNDLE_IDENTIFIER = GoncalvesHigino.RickAndMortyAppTests;
				PRODUCT_NAME = "$(TARGET_NAME)";
				SWIFT_EMIT_LOC_STRINGS = NO;
				SWIFT_VERSION = 5.0;
				TARGETED_DEVICE_FAMILY = "1,2";
				TEST_HOST = "$(BUILT_PRODUCTS_DIR)/RickAndMortyApp.app/$(BUNDLE_EXECUTABLE_FOLDER_PATH)/RickAndMortyApp";
			};
			name = Release;
		};
		D6D5E0282B9DA49F0011992B /* Debug */ = {
			isa = XCBuildConfiguration;
			buildSettings = {
				ALWAYS_EMBED_SWIFT_STANDARD_LIBRARIES = YES;
				CODE_SIGN_STYLE = Automatic;
				CURRENT_PROJECT_VERSION = 1;
				DEVELOPMENT_TEAM = 2HPB7376SQ;
				GENERATE_INFOPLIST_FILE = YES;
				MARKETING_VERSION = 1.0;
				PRODUCT_BUNDLE_IDENTIFIER = GoncalvesHigino.RickAndMortyAppUITests;
				PRODUCT_NAME = "$(TARGET_NAME)";
				SWIFT_EMIT_LOC_STRINGS = NO;
				SWIFT_VERSION = 5.0;
				TARGETED_DEVICE_FAMILY = "1,2";
				TEST_TARGET_NAME = RickAndMortyApp;
			};
			name = Debug;
		};
		D6D5E0292B9DA49F0011992B /* Release */ = {
			isa = XCBuildConfiguration;
			buildSettings = {
				ALWAYS_EMBED_SWIFT_STANDARD_LIBRARIES = YES;
				CODE_SIGN_STYLE = Automatic;
				CURRENT_PROJECT_VERSION = 1;
				DEVELOPMENT_TEAM = 2HPB7376SQ;
				GENERATE_INFOPLIST_FILE = YES;
				MARKETING_VERSION = 1.0;
				PRODUCT_BUNDLE_IDENTIFIER = GoncalvesHigino.RickAndMortyAppUITests;
				PRODUCT_NAME = "$(TARGET_NAME)";
				SWIFT_EMIT_LOC_STRINGS = NO;
				SWIFT_VERSION = 5.0;
				TARGETED_DEVICE_FAMILY = "1,2";
				TEST_TARGET_NAME = RickAndMortyApp;
			};
			name = Release;
		};
/* End XCBuildConfiguration section */

/* Begin XCConfigurationList section */
		D6D5DFF82B9DA49B0011992B /* Build configuration list for PBXProject "RickAndMortyApp" */ = {
			isa = XCConfigurationList;
			buildConfigurations = (
				D6D5E01F2B9DA49F0011992B /* Debug */,
				D6D5E0202B9DA49F0011992B /* Release */,
			);
			defaultConfigurationIsVisible = 0;
			defaultConfigurationName = Release;
		};
		D6D5E0212B9DA49F0011992B /* Build configuration list for PBXNativeTarget "RickAndMortyApp" */ = {
			isa = XCConfigurationList;
			buildConfigurations = (
				D6D5E0222B9DA49F0011992B /* Debug */,
				D6D5E0232B9DA49F0011992B /* Release */,
			);
			defaultConfigurationIsVisible = 0;
			defaultConfigurationName = Release;
		};
		D6D5E0242B9DA49F0011992B /* Build configuration list for PBXNativeTarget "RickAndMortyAppTests" */ = {
			isa = XCConfigurationList;
			buildConfigurations = (
				D6D5E0252B9DA49F0011992B /* Debug */,
				D6D5E0262B9DA49F0011992B /* Release */,
			);
			defaultConfigurationIsVisible = 0;
			defaultConfigurationName = Release;
		};
		D6D5E0272B9DA49F0011992B /* Build configuration list for PBXNativeTarget "RickAndMortyAppUITests" */ = {
			isa = XCConfigurationList;
			buildConfigurations = (
				D6D5E0282B9DA49F0011992B /* Debug */,
				D6D5E0292B9DA49F0011992B /* Release */,
			);
			defaultConfigurationIsVisible = 0;
			defaultConfigurationName = Release;
		};
/* End XCConfigurationList section */
	};
	rootObject = D6D5DFF52B9DA49B0011992B /* Project object */;
}
